
Microsoft Visual Studio Solution File, Format Version 12.00
Project("{FAE04EC0-301F-11D3-BF4B-00C04F79EFBC}") = "PotionChance", "PotionChance\PotionChance.csproj", "{3B9CA6F7-DC38-4D19-8FEC-FA9C00924662}"
EndProject
Project("{FAE04EC0-301F-11D3-BF4B-00C04F79EFBC}") = "PotionChanceEstimators", "PotionChanceEstimators\PotionChanceEstimators.csproj", "{2521A0EA-FAC7-4919-BA3D-C9E79E25B8A3}"
EndProject
Project("{FAE04EC0-301F-11D3-BF4B-00C04F79EFBC}") = "PotionChanceEstimators.Test", "PotionChanceEstimators.Test\PotionChanceEstimators.Test.csproj", "{C5564DCA-2317-423C-AB19-DDEC07EFB38E}"
EndProject
Project("{FAE04EC0-301F-11D3-BF4B-00C04F79EFBC}") = "EstimatorComparison", "EstimatorComparison\EstimatorComparison.csproj", "{3C3E323B-3BA8-41AA-A9A7-6E287D2664D4}"
EndProject
Global
	GlobalSection(SolutionConfigurationPlatforms) = preSolution
		Debug|Any CPU = Debug|Any CPU
		ExportDebug|Any CPU = ExportDebug|Any CPU
		ExportRelease|Any CPU = ExportRelease|Any CPU
	EndGlobalSection
	GlobalSection(ProjectConfigurationPlatforms) = postSolution
		{3B9CA6F7-DC38-4D19-8FEC-FA9C00924662}.Debug|Any CPU.ActiveCfg = Debug|Any CPU
		{3B9CA6F7-DC38-4D19-8FEC-FA9C00924662}.Debug|Any CPU.Build.0 = Debug|Any CPU
		{3B9CA6F7-DC38-4D19-8FEC-FA9C00924662}.ExportDebug|Any CPU.ActiveCfg = ExportDebug|Any CPU
		{3B9CA6F7-DC38-4D19-8FEC-FA9C00924662}.ExportDebug|Any CPU.Build.0 = ExportDebug|Any CPU
		{3B9CA6F7-DC38-4D19-8FEC-FA9C00924662}.ExportRelease|Any CPU.ActiveCfg = ExportRelease|Any CPU
		{3B9CA6F7-DC38-4D19-8FEC-FA9C00924662}.ExportRelease|Any CPU.Build.0 = ExportRelease|Any CPU
		{2521A0EA-FAC7-4919-BA3D-C9E79E25B8A3}.Debug|Any CPU.ActiveCfg = Debug|Any CPU
		{2521A0EA-FAC7-4919-BA3D-C9E79E25B8A3}.Debug|Any CPU.Build.0 = Debug|Any CPU
		{2521A0EA-FAC7-4919-BA3D-C9E79E25B8A3}.ExportDebug|Any CPU.ActiveCfg = Debug|Any CPU
		{2521A0EA-FAC7-4919-BA3D-C9E79E25B8A3}.ExportDebug|Any CPU.Build.0 = Debug|Any CPU
		{2521A0EA-FAC7-4919-BA3D-C9E79E25B8A3}.ExportRelease|Any CPU.ActiveCfg = Debug|Any CPU
		{2521A0EA-FAC7-4919-BA3D-C9E79E25B8A3}.ExportRelease|Any CPU.Build.0 = Debug|Any CPU
		{C5564DCA-2317-423C-AB19-DDEC07EFB38E}.Debug|Any CPU.ActiveCfg = Debug|Any CPU
		{C5564DCA-2317-423C-AB19-DDEC07EFB38E}.Debug|Any CPU.Build.0 = Debug|Any CPU
		{C5564DCA-2317-423C-AB19-DDEC07EFB38E}.ExportDebug|Any CPU.ActiveCfg = Debug|Any CPU
		{C5564DCA-2317-423C-AB19-DDEC07EFB38E}.ExportDebug|Any CPU.Build.0 = Debug|Any CPU
		{C5564DCA-2317-423C-AB19-DDEC07EFB38E}.ExportRelease|Any CPU.ActiveCfg = Debug|Any CPU
		{C5564DCA-2317-423C-AB19-DDEC07EFB38E}.ExportRelease|Any CPU.Build.0 = Debug|Any CPU
		{3C3E323B-3BA8-41AA-A9A7-6E287D2664D4}.Debug|Any CPU.ActiveCfg = Debug|Any CPU
		{3C3E323B-3BA8-41AA-A9A7-6E287D2664D4}.Debug|Any CPU.Build.0 = Debug|Any CPU
		{3C3E323B-3BA8-41AA-A9A7-6E287D2664D4}.ExportDebug|Any CPU.ActiveCfg = Debug|Any CPU
		{3C3E323B-3BA8-41AA-A9A7-6E287D2664D4}.ExportDebug|Any CPU.Build.0 = Debug|Any CPU
		{3C3E323B-3BA8-41AA-A9A7-6E287D2664D4}.ExportRelease|Any CPU.ActiveCfg = Debug|Any CPU
		{3C3E323B-3BA8-41AA-A9A7-6E287D2664D4}.ExportRelease|Any CPU.Build.0 = Debug|Any CPU
	EndGlobalSection
EndGlobal
